// !$*UTF8*$!
{
	archiveVersion = 1;
	classes = {
	};
	objectVersion = 46;
	objects = {

/* Begin PBXBuildFile section */
		563F63DD1C3310DE00EBF4B8 /* AppDelegate.swift in Sources */ = {isa = PBXBuildFile; fileRef = 563F63DC1C3310DE00EBF4B8 /* AppDelegate.swift */; };
		563F63DF1C3310DE00EBF4B8 /* ViewController.swift in Sources */ = {isa = PBXBuildFile; fileRef = 563F63DE1C3310DE00EBF4B8 /* ViewController.swift */; };
		563F63E21C3310DE00EBF4B8 /* Main.storyboard in Resources */ = {isa = PBXBuildFile; fileRef = 563F63E01C3310DE00EBF4B8 /* Main.storyboard */; };
		563F63E41C3310DE00EBF4B8 /* Assets.xcassets in Resources */ = {isa = PBXBuildFile; fileRef = 563F63E31C3310DE00EBF4B8 /* Assets.xcassets */; };
		563F63E71C3310DE00EBF4B8 /* LaunchScreen.storyboard in Resources */ = {isa = PBXBuildFile; fileRef = 563F63E51C3310DE00EBF4B8 /* LaunchScreen.storyboard */; };
		563F63EF1C33125B00EBF4B8 /* Datos.swift in Sources */ = {isa = PBXBuildFile; fileRef = 563F63EE1C33125B00EBF4B8 /* Datos.swift */; };
/* End PBXBuildFile section */

/* Begin PBXFileReference section */
		563F63D91C3310DE00EBF4B8 /* Hamburguesas.app */ = {isa = PBXFileReference; explicitFileType = wrapper.application; includeInIndex = 0; path = Hamburguesas.app; sourceTree = BUILT_PRODUCTS_DIR; };
		563F63DC1C3310DE00EBF4B8 /* AppDelegate.swift */ = {isa = PBXFileReference; lastKnownFileType = sourcecode.swift; path = AppDelegate.swift; sourceTree = "<group>"; };
		563F63DE1C3310DE00EBF4B8 /* ViewController.swift */ = {isa = PBXFileReference; lastKnownFileType = sourcecode.swift; path = ViewController.swift; sourceTree = "<group>"; };
		563F63E11C3310DE00EBF4B8 /* Base */ = {isa = PBXFileReference; lastKnownFileType = file.storyboard; name = Base; path = Base.lproj/Main.storyboard; sourceTree = "<group>"; };
		563F63E31C3310DE00EBF4B8 /* Assets.xcassets */ = {isa = PBXFileReference; lastKnownFileType = folder.assetcatalog; path = Assets.xcassets; sourceTree = "<group>"; };
		563F63E61C3310DE00EBF4B8 /* Base */ = {isa = PBXFileReference; lastKnownFileType = file.storyboard; name = Base; path = Base.lproj/LaunchScreen.storyboard; sourceTree = "<group>"; };
		563F63E81C3310DE00EBF4B8 /* Info.plist */ = {isa = PBXFileReference; lastKnownFileType = text.plist.xml; path = Info.plist; sourceTree = "<group>"; };
		563F63EE1C33125B00EBF4B8 /* Datos.swift */ = {isa = PBXFileReference; fileEncoding = 4; lastKnownFileType = sourcecode.swift; path = Datos.swift; sourceTree = "<group>"; };
		563F63F21C33148F00EBF4B8 /* Datos.playground */ = {isa = PBXFileReference; lastKnownFileType = file.playground; path = Datos.playground; sourceTree = "<group>"; };
/* End PBXFileReference section */

/* Begin PBXFrameworksBuildPhase section */
		563F63D61C3310DE00EBF4B8 /* Frameworks */ = {
			isa = PBXFrameworksBuildPhase;
			buildActionMask = 2147483647;
			files = (
			);
			runOnlyForDeploymentPostprocessing = 0;
		};
/* End PBXFrameworksBuildPhase section */

/* Begin PBXGroup section */
		563F63D01C3310DE00EBF4B8 = {
			isa = PBXGroup;
			children = (
				563F63DB1C3310DE00EBF4B8 /* Hamburguesas */,
				563F63DA1C3310DE00EBF4B8 /* Products */,
			);
			sourceTree = "<group>";
		};
		563F63DA1C3310DE00EBF4B8 /* Products */ = {
			isa = PBXGroup;
			children = (
				563F63D91C3310DE00EBF4B8 /* Hamburguesas.app */,
			);
			name = Products;
			sourceTree = "<group>";
		};
		563F63DB1C3310DE00EBF4B8 /* Hamburguesas */ = {
			isa = PBXGroup;
			children = (
				563F63DC1C3310DE00EBF4B8 /* AppDelegate.swift */,
				563F63DE1C3310DE00EBF4B8 /* ViewController.swift */,
				563F63E01C3310DE00EBF4B8 /* Main.storyboard */,
				563F63E31C3310DE00EBF4B8 /* Assets.xcassets */,
				563F63E51C3310DE00EBF4B8 /* LaunchScreen.storyboard */,
				563F63E81C3310DE00EBF4B8 /* Info.plist */,
				563F63EE1C33125B00EBF4B8 /* Datos.swift */,
				563F63F01C3313EF00EBF4B8 /* Playgrounds */,
			);
			path = Hamburguesas;
			sourceTree = "<group>";
		};
		563F63F01C3313EF00EBF4B8 /* Playgrounds */ = {
			isa = PBXGroup;
			children = (
				563F63F21C33148F00EBF4B8 /* Datos.playground */,
			);
			name = Playgrounds;
			sourceTree = "<group>";
		};
/* End PBXGroup section */

/* Begin PBXNativeTarget section */
		563F63D81C3310DE00EBF4B8 /* Hamburguesas */ = {
			isa = PBXNativeTarget;
			buildConfigurationList = 563F63EB1C3310DE00EBF4B8 /* Build configuration list for PBXNativeTarget "Hamburguesas" */;
			buildPhases = (
				563F63D51C3310DE00EBF4B8 /* Sources */,
				563F63D61C3310DE00EBF4B8 /* Frameworks */,
				563F63D71C3310DE00EBF4B8 /* Resources */,
			);
			buildRules = (
			);
			dependencies = (
			);
			name = Hamburguesas;
			productName = Hamburguesas;
			productReference = 563F63D91C3310DE00EBF4B8 /* Hamburguesas.app */;
			productType = "com.apple.product-type.application";
		};
/* End PBXNativeTarget section */

/* Begin PBXProject section */
		563F63D11C3310DE00EBF4B8 /* Project object */ = {
			isa = PBXProject;
			attributes = {
				LastSwiftUpdateCheck = 0720;
				LastUpgradeCheck = 0720;
				ORGANIZATIONNAME = "Gerardo Guerra Pulido";
				TargetAttributes = {
					563F63D81C3310DE00EBF4B8 = {
						CreatedOnToolsVersion = 7.2;
					};
				};
			};
			buildConfigurationList = 563F63D41C3310DE00EBF4B8 /* Build configuration list for PBXProject "Hamburguesas" */;
			compatibilityVersion = "Xcode 3.2";
			developmentRegion = English;
			hasScannedForEncodings = 0;
			knownRegions = (
				en,
				Base,
			);
			mainGroup = 563F63D01C3310DE00EBF4B8;
			productRefGroup = 563F63DA1C3310DE00EBF4B8 /* Products */;
			projectDirPath = "";
			projectRoot = "";
			targets = (
				563F63D81C3310DE00EBF4B8 /* Hamburguesas */,
			);
		};
/* End PBXProject section */

/* Begin PBXResourcesBuildPhase section */
		563F63D71C3310DE00EBF4B8 /* Resources */ = {
			isa = PBXResourcesBuildPhase;
			buildActionMask = 2147483647;
			files = (
				563F63E71C3310DE00EBF4B8 /* LaunchScreen.storyboard in Resources */,
				563F63E41C3310DE00EBF4B8 /* Assets.xcassets in Resources */,
				563F63E21C3310DE00EBF4B8 /* Main.storyboard in Resources */,
			);
			runOnlyForDeploymentPostprocessing = 0;
		};
/* End PBXResourcesBuildPhase section */

/* Begin PBXSourcesBuildPhase section */
		563F63D51C3310DE00EBF4B8 /* Sources */ = {
			isa = PBXSourcesBuildPhase;
			buildActionMask = 2147483647;
			files = (
				563F63DF1C3310DE00EBF4B8 /* ViewController.swift in Sources */,
				563F63DD1C3310DE00EBF4B8 /* AppDelegate.swift in Sources */,
				563F63EF1C33125B00EBF4B8 /* Datos.swift in Sources */,
			);
			runOnlyForDeploymentPostprocessing = 0;
		};
/* End PBXSourcesBuildPhase section */

/* Begin PBXVariantGroup section */
		563F63E01C3310DE00EBF4B8 /* Main.storyboard */ = {
			isa = PBXVariantGroup;
			children = (
				563F63E11C3310DE00EBF4B8 /* Base */,
			);
			name = Main.storyboard;
			sourceTree = "<group>";
		};
		563F63E51C3310DE00EBF4B8 /* LaunchScreen.storyboard */ = {
			isa = PBXVariantGroup;
			children = (
				563F63E61C3310DE00EBF4B8 /* Base */,
			);
			name = LaunchScreen.storyboard;
			sourceTree = "<group>";
		};
/* End PBXVariantGroup section */

/* Begin XCBuildConfiguration section */
		563F63E91C3310DE00EBF4B8 /* Debug */ = {
			isa = XCBuildConfiguration;
			buildSettings = {
				ALWAYS_SEARCH_USER_PATHS = NO;
				CLANG_CXX_LANGUAGE_STANDARD = "gnu++0x";
				CLANG_CXX_LIBRARY = "libc++";
				CLANG_ENABLE_MODULES = YES;
				CLANG_ENABLE_OBJC_ARC = YES;
				CLANG_WARN_BOOL_CONVERSION = YES;
				CLANG_WARN_CONSTANT_CONVERSION = YES;
				CLANG_WARN_DIRECT_OBJC_ISA_USAGE = YES_ERROR;
				CLANG_WARN_EMPTY_BODY = YES;
				CLANG_WARN_ENUM_CONVERSION = YES;
				CLANG_WARN_INT_CONVERSION = YES;
				CLANG_WARN_OBJC_ROOT_CLASS = YES_ERROR;
				CLANG_WARN_UNREACHABLE_CODE = YES;
				CLANG_WARN__DUPLICATE_METHOD_MATCH = YES;
				"CODE_SIGN_IDENTITY[sdk=iphoneos*]" = "iPhone Developer";
				COPY_PHASE_STRIP = NO;
				DEBUG_INFORMATION_FORMAT = dwarf;
				ENABLE_STRICT_OBJC_MSGSEND = YES;
				ENABLE_TESTABILITY = YES;
				GCC_C_LANGUAGE_STANDARD = gnu99;
				GCC_DYNAMIC_NO_PIC = NO;
				GCC_NO_COMMON_BLOCKS = YES;
				GCC_OPTIMIZATION_LEVEL = 0;
				GCC_PREPROCESSOR_DEFINITIONS = (
					"DEBUG=1",
					"$(inherited)",
				);
				GCC_WARN_64_TO_32_BIT_CONVERSION = YES;
				GCC_WARN_ABOUT_RETURN_TYPE = YES_ERROR;
				GCC_WARN_UNDECLARED_SELECTOR = YES;
				GCC_WARN_UNINITIALIZED_AUTOS = YES_AGGRESSIVE;
				GCC_WARN_UNUSED_FUNCTION = YES;
				GCC_WARN_UNUSED_VARIABLE = YES;
				IPHONEOS_DEPLOYMENT_TARGET = 9.2;
				MTL_ENABLE_DEBUG_INFO = YES;
				ONLY_ACTIVE_ARCH = YES;
				SDKROOT = iphoneos;
				SWIFT_OPTIMIZATION_LEVEL = "-Onone";
			};
			name = Debug;
		};
		563F63EA1C3310DE00EBF4B8 /* Release */ = {
			isa = XCBuildConfiguration;
			buildSettings = {
				ALWAYS_SEARCH_USER_PATHS = NO;
				CLANG_CXX_LANGUAGE_STANDARD = "gnu++0x";
				CLANG_CXX_LIBRARY = "libc++";
				CLANG_ENABLE_MODULES = YES;
				CLANG_ENABLE_OBJC_ARC = YES;
				CLANG_WARN_BOOL_CONVERSION = YES;
				CLANG_WARN_CONSTANT_CONVERSION = YES;
				CLANG_WARN_DIRECT_OBJC_ISA_USAGE = YES_ERROR;
				CLANG_WARN_EMPTY_BODY = YES;
				CLANG_WARN_ENUM_CONVERSION = YES;
				CLANG_WARN_INT_CONVERSION = YES;
				CLANG_WARN_OBJC_ROOT_CLASS = YES_ERROR;
				CLANG_WARN_UNREACHABLE_CODE = YES;
				CLANG_WARN__DUPLICATE_METHOD_MATCH = YES;
				"CODE_SIGN_IDENTITY[sdk=iphoneos*]" = "iPhone Developer";
				COPY_PHASE_STRIP = NO;
				DEBUG_INFORMATION_FORMAT = "dwarf-with-dsym";
				ENABLE_NS_ASSERTIONS = NO;
				ENABLE_STRICT_OBJC_MSGSEND = YES;
				GCC_C_LANGUAGE_STANDARD = gnu99;
				GCC_NO_COMMON_BLOCKS = YES;
				GCC_WARN_64_TO_32_BIT_CONVERSION = YES;
				GCC_WARN_ABOUT_RETURN_TYPE = YES_ERROR;
				GCC_WARN_UNDECLARED_SELECTOR = YES;
				GCC_WARN_UNINITIALIZED_AUTOS = YES_AGGRESSIVE;
				GCC_WARN_UNUSED_FUNCTION = YES;
				GCC_WARN_UNUSED_VARIABLE = YES;
				IPHONEOS_DEPLOYMENT_TARGET = 9.2;
				MTL_ENABLE_DEBUG_INFO = NO;
				SDKROOT = iphoneos;
				VALIDATE_PRODUCT = YES;
			};
			name = Release;
		};
		563F63EC1C3310DE00EBF4B8 /* Debug */ = {
			isa = XCBuildConfiguration;
			buildSettings = {
				ASSETCATALOG_COMPILER_APPICON_NAME = AppIcon;
				INFOPLIST_FILE = Hamburguesas/Info.plist;
				LD_RUNPATH_SEARCH_PATHS = "$(inherited) @executable_path/Frameworks";
				PRODUCT_BUNDLE_IDENTIFIER = mx.itesm.Hamburguesas;
				PRODUCT_NAME = "$(TARGET_NAME)";
			};
			name = Debug;
		};
		563F63ED1C3310DE00EBF4B8 /* Release */ = {
			isa = XCBuildConfiguration;
			buildSettings = {
				ASSETCATALOG_COMPILER_APPICON_NAME = AppIcon;
				INFOPLIST_FILE = Hamburguesas/Info.plist;
				LD_RUNPATH_SEARCH_PATHS = "$(inherited) @executable_path/Frameworks";
				PRODUCT_BUNDLE_IDENTIFIER = mx.itesm.Hamburguesas;
				PRODUCT_NAME = "$(TARGET_NAME)";
			};
			name = Release;
		};
/* End XCBuildConfiguration section */

/* Begin XCConfigurationList section */
		563F63D41C3310DE00EBF4B8 /* Build configuration list for PBXProject "Hamburguesas" */ = {
			isa = XCConfigurationList;
			buildConfigurations = (
				563F63E91C3310DE00EBF4B8 /* Debug */,
				563F63EA1C3310DE00EBF4B8 /* Release */,
			);
			defaultConfigurationIsVisible = 0;
			defaultConfigurationName = Release;
		};
		563F63EB1C3310DE00EBF4B8 /* Build configuration list for PBXNativeTarget "Hamburguesas" */ = {
			isa = XCConfigurationList;
			buildConfigurations = (
				563F63EC1C3310DE00EBF4B8 /* Debug */,
				563F63ED1C3310DE00EBF4B8 /* Release */,
			);
			defaultConfigurationIsVisible = 0;
		};
/* End XCConfigurationList section */
	};
	rootObject = 563F63D11C3310DE00EBF4B8 /* Project object */;
}
